
Microsoft Visual Studio Solution File, Format Version 12.00
# Visual Studio Version 17
VisualStudioVersion = 17.3.32922.545
MinimumVisualStudioVersion = 10.0.40219.1
Project("{888888A0-9F3D-457C-B088-3A5042F75D52}") = "8-Ball Program", "8-Ball Program\8-Ball Program.pyproj", "{35D3F50F-521B-4F23-BE8F-76870D6A7039}"
EndProject
Global
	GlobalSection(SolutionConfigurationPlatforms) = preSolution
		Debug|Any CPU = Debug|Any CPU
		Release|Any CPU = Release|Any CPU
	EndGlobalSection
	GlobalSection(ProjectConfigurationPlatforms) = postSolution
		{35D3F50F-521B-4F23-BE8F-76870D6A7039}.Debug|Any CPU.ActiveCfg = Debug|Any CPU
		{35D3F50F-521B-4F23-BE8F-76870D6A7039}.Release|Any CPU.ActiveCfg = Release|Any CPU
	EndGlobalSection
	GlobalSection(SolutionProperties) = preSolution
		HideSolutionNode = FALSE
	EndGlobalSection
	GlobalSection(ExtensibilityGlobals) = postSolution
		SolutionGuid = {4AC4F7AB-B95A-473F-9C7C-26DCB8A4AD24}
	EndGlobalSection
EndGlobal
